{
  "name": "portfolio",
  "lockfileVersion": 3,
  "requires": true,
  "packages": {
    "": {
      "dependencies": {
        "livereload-js": "^4.0.2"
      }
    },
    "node_modules/livereload-js": {
      "version": "4.0.2",
      "resolved": "https://registry.npmjs.org/livereload-js/-/livereload-js-4.0.2.tgz",
      "integrity": "sha512-Fy7VwgQNiOkynYyNBTo3v9hQUhcW5pFAheJN148+DTgpShjsy/22pLHKKwDK5v0kOsZsJBK+6q1PMgLvRmrwFQ=="
    }
  }
}
